
Microsoft Visual Studio Solution File, Format Version 12.00
# Visual Studio Version 17
VisualStudioVersion = 17.8.34511.84
MinimumVisualStudioVersion = 10.0.40219.1
Project("{FAE04EC0-301F-11D3-BF4B-00C04F79EFBC}") = "Replicator of D`To Levell 12 Arrays", "Replicator of D`To Levell 12 Arrays.csproj", "{56B01326-65B0-497F-ABF8-CA8D78041B7C}"
EndProject
Global
	GlobalSection(SolutionConfigurationPlatforms) = preSolution
		Debug|Any CPU = Debug|Any CPU
		Release|Any CPU = Release|Any CPU
	EndGlobalSection
	GlobalSection(ProjectConfigurationPlatforms) = postSolution
		{56B01326-65B0-497F-ABF8-CA8D78041B7C}.Debug|Any CPU.ActiveCfg = Debug|Any CPU
		{56B01326-65B0-497F-ABF8-CA8D78041B7C}.Debug|Any CPU.Build.0 = Debug|Any CPU
		{56B01326-65B0-497F-ABF8-CA8D78041B7C}.Release|Any CPU.ActiveCfg = Release|Any CPU
		{56B01326-65B0-497F-ABF8-CA8D78041B7C}.Release|Any CPU.Build.0 = Release|Any CPU
	EndGlobalSection
	GlobalSection(SolutionProperties) = preSolution
		HideSolutionNode = FALSE
	EndGlobalSection
	GlobalSection(ExtensibilityGlobals) = postSolution
		SolutionGuid = {7B2B277B-D136-4B0D-BE16-392F6D14BCE8}
	EndGlobalSection
EndGlobal
