
Microsoft Visual Studio Solution File, Format Version 12.00
# Visual Studio Version 17
VisualStudioVersion = 17.8.34511.84
MinimumVisualStudioVersion = 10.0.40219.1
Project("{FAE04EC0-301F-11D3-BF4B-00C04F79EFBC}") = "The Laws of Freach", "The Laws of Freach.csproj", "{2E3685E9-C368-4A1A-AA34-E27498AD75E7}"
EndProject
Global
	GlobalSection(SolutionConfigurationPlatforms) = preSolution
		Debug|Any CPU = Debug|Any CPU
		Release|Any CPU = Release|Any CPU
	EndGlobalSection
	GlobalSection(ProjectConfigurationPlatforms) = postSolution
		{2E3685E9-C368-4A1A-AA34-E27498AD75E7}.Debug|Any CPU.ActiveCfg = Debug|Any CPU
		{2E3685E9-C368-4A1A-AA34-E27498AD75E7}.Debug|Any CPU.Build.0 = Debug|Any CPU
		{2E3685E9-C368-4A1A-AA34-E27498AD75E7}.Release|Any CPU.ActiveCfg = Release|Any CPU
		{2E3685E9-C368-4A1A-AA34-E27498AD75E7}.Release|Any CPU.Build.0 = Release|Any CPU
	EndGlobalSection
	GlobalSection(SolutionProperties) = preSolution
		HideSolutionNode = FALSE
	EndGlobalSection
	GlobalSection(ExtensibilityGlobals) = postSolution
		SolutionGuid = {75CC4639-B8C0-4CD8-AB62-543DA67B7C47}
	EndGlobalSection
EndGlobal
