
Microsoft Visual Studio Solution File, Format Version 12.00
# Visual Studio Version 17
VisualStudioVersion = 17.8.34511.84
MinimumVisualStudioVersion = 10.0.40219.1
Project("{FAE04EC0-301F-11D3-BF4B-00C04F79EFBC}") = "Packing Inventory", "Packing Inventory.csproj", "{EC10FA35-6AAE-46AE-B826-C19B26F4F6EA}"
EndProject
Global
	GlobalSection(SolutionConfigurationPlatforms) = preSolution
		Debug|Any CPU = Debug|Any CPU
		Release|Any CPU = Release|Any CPU
	EndGlobalSection
	GlobalSection(ProjectConfigurationPlatforms) = postSolution
		{EC10FA35-6AAE-46AE-B826-C19B26F4F6EA}.Debug|Any CPU.ActiveCfg = Debug|Any CPU
		{EC10FA35-6AAE-46AE-B826-C19B26F4F6EA}.Debug|Any CPU.Build.0 = Debug|Any CPU
		{EC10FA35-6AAE-46AE-B826-C19B26F4F6EA}.Release|Any CPU.ActiveCfg = Release|Any CPU
		{EC10FA35-6AAE-46AE-B826-C19B26F4F6EA}.Release|Any CPU.Build.0 = Release|Any CPU
	EndGlobalSection
	GlobalSection(SolutionProperties) = preSolution
		HideSolutionNode = FALSE
	EndGlobalSection
	GlobalSection(ExtensibilityGlobals) = postSolution
		SolutionGuid = {D9833CB7-2640-4F45-A79A-FF390135A9D4}
	EndGlobalSection
EndGlobal
