
Microsoft Visual Studio Solution File, Format Version 12.00
# Visual Studio Version 17
VisualStudioVersion = 17.8.34511.84
MinimumVisualStudioVersion = 10.0.40219.1
Project("{FAE04EC0-301F-11D3-BF4B-00C04F79EFBC}") = "Arrow level18 challenge", "Arrow level18 challenge.csproj", "{C60D491B-A156-489F-A79C-78CA840886A2}"
EndProject
Global
	GlobalSection(SolutionConfigurationPlatforms) = preSolution
		Debug|Any CPU = Debug|Any CPU
		Release|Any CPU = Release|Any CPU
	EndGlobalSection
	GlobalSection(ProjectConfigurationPlatforms) = postSolution
		{C60D491B-A156-489F-A79C-78CA840886A2}.Debug|Any CPU.ActiveCfg = Debug|Any CPU
		{C60D491B-A156-489F-A79C-78CA840886A2}.Debug|Any CPU.Build.0 = Debug|Any CPU
		{C60D491B-A156-489F-A79C-78CA840886A2}.Release|Any CPU.ActiveCfg = Release|Any CPU
		{C60D491B-A156-489F-A79C-78CA840886A2}.Release|Any CPU.Build.0 = Release|Any CPU
	EndGlobalSection
	GlobalSection(SolutionProperties) = preSolution
		HideSolutionNode = FALSE
	EndGlobalSection
	GlobalSection(ExtensibilityGlobals) = postSolution
		SolutionGuid = {A0CA6EEA-0C44-437F-814B-B852A3359DD3}
	EndGlobalSection
EndGlobal
